
Microsoft Visual Studio Solution File, Format Version 12.00
# Visual Studio Version 17
VisualStudioVersion = 17.14.36811.4
MinimumVisualStudioVersion = 10.0.40219.1
Project("{FAE04EC0-301F-11D3-BF4B-00C04F79EFBC}") = "FireworksDX", "FireworksDX\FireworksDX.csproj", "{5D95EC0C-0F84-92DB-8362-FB75A85FBEE4}"
EndProject
Project("{FAE04EC0-301F-11D3-BF4B-00C04F79EFBC}") = "UIPanel_Example", "PannelloUI\UIPanel_Example.csproj", "{56CDF356-E496-408E-8DF1-D8B86778D39A}"
EndProject
Global
	GlobalSection(SolutionConfigurationPlatforms) = preSolution
		Debug|Any CPU = Debug|Any CPU
		Release|Any CPU = Release|Any CPU
	EndGlobalSection
	GlobalSection(ProjectConfigurationPlatforms) = postSolution
		{5D95EC0C-0F84-92DB-8362-FB75A85FBEE4}.Debug|Any CPU.ActiveCfg = Debug|Any CPU
		{5D95EC0C-0F84-92DB-8362-FB75A85FBEE4}.Debug|Any CPU.Build.0 = Debug|Any CPU
		{5D95EC0C-0F84-92DB-8362-FB75A85FBEE4}.Release|Any CPU.ActiveCfg = Release|Any CPU
		{5D95EC0C-0F84-92DB-8362-FB75A85FBEE4}.Release|Any CPU.Build.0 = Release|Any CPU
		{56CDF356-E496-408E-8DF1-D8B86778D39A}.Debug|Any CPU.ActiveCfg = Debug|Any CPU
		{56CDF356-E496-408E-8DF1-D8B86778D39A}.Debug|Any CPU.Build.0 = Debug|Any CPU
		{56CDF356-E496-408E-8DF1-D8B86778D39A}.Release|Any CPU.ActiveCfg = Release|Any CPU
		{56CDF356-E496-408E-8DF1-D8B86778D39A}.Release|Any CPU.Build.0 = Release|Any CPU
	EndGlobalSection
	GlobalSection(SolutionProperties) = preSolution
		HideSolutionNode = FALSE
	EndGlobalSection
	GlobalSection(ExtensibilityGlobals) = postSolution
		SolutionGuid = {A1558CF6-96BF-428E-84E6-AAFFAED3471D}
	EndGlobalSection
EndGlobal
